
Microsoft Visual Studio Solution File, Format Version 12.00
# Visual Studio Version 16
VisualStudioVersion = 16.0.31729.503
MinimumVisualStudioVersion = 10.0.40219.1
Project("{FAE04EC0-301F-11D3-BF4B-00C04F79EFBC}") = "Agencia de seguros", "ejercicio clase 5\Agencia de seguros.csproj", "{36791D99-FC11-4A12-838C-4AE8D481E1DB}"
EndProject
Global
	GlobalSection(SolutionConfigurationPlatforms) = preSolution
		Debug|Any CPU = Debug|Any CPU
		Release|Any CPU = Release|Any CPU
	EndGlobalSection
	GlobalSection(ProjectConfigurationPlatforms) = postSolution
		{36791D99-FC11-4A12-838C-4AE8D481E1DB}.Debug|Any CPU.ActiveCfg = Debug|Any CPU
		{36791D99-FC11-4A12-838C-4AE8D481E1DB}.Debug|Any CPU.Build.0 = Debug|Any CPU
		{36791D99-FC11-4A12-838C-4AE8D481E1DB}.Release|Any CPU.ActiveCfg = Release|Any CPU
		{36791D99-FC11-4A12-838C-4AE8D481E1DB}.Release|Any CPU.Build.0 = Release|Any CPU
	EndGlobalSection
	GlobalSection(SolutionProperties) = preSolution
		HideSolutionNode = FALSE
	EndGlobalSection
	GlobalSection(ExtensibilityGlobals) = postSolution
		SolutionGuid = {3198C6F4-7A46-465F-A4CD-C657917FC7BC}
	EndGlobalSection
EndGlobal
